<?xml version="1.0" encoding="utf-8"?>
<Project ToolsVersion="4.0" xmlns="http://schemas.microsoft.com/developer/msbuild/2003">
  <ItemGroup>
    <Filter Include="common">
      <UniqueIdentifier>{1672cbdf-6ea9-4c2e-9cb7-2082e9532ab6}</UniqueIdentifier>
    </Filter>
    <Filter Include="main">
      <UniqueIdentifier>{4FC737F1-C7A5-4376-A066-2A32D752A2FF}</UniqueIdentifier>
      <Extensions>cpp;c;cc;cxx;c++;cppm;ixx;def;odl;idl;hpj;bat;asm;asmx</Extensions>
    </Filter>
    <Filter Include="NewFilter1">
      <UniqueIdentifier>{3d7b0a59-0cdd-4b1b-b995-47b52ed14974}</UniqueIdentifier>
    </Filter>
  </ItemGroup>
  <ItemGroup>
    <ClCompile Include="main.cpp">
      <Filter>main</Filter>
    </ClCompile>
  </ItemGroup>
  <ItemGroup>
    <ClInclude Include="main.hpp">
      <Filter>main</Filter>
    </ClInclude>
    <ClInclude Include="common.hpp">
      <Filter>common</Filter>
    </ClInclude>
  </ItemGroup>
</Project>